
Microsoft Visual Studio Solution File, Format Version 12.00
# Visual Studio 2012
Project("{FAE04EC0-301F-11D3-BF4B-00C04F79EFBC}") = "personweb", "personweb\personweb.csproj", "{C37355FD-C530-42CD-A5A7-B11A3A8263CF}"
EndProject
Project("{FAE04EC0-301F-11D3-BF4B-00C04F79EFBC}") = "Common", "Common\Common.csproj", "{339837CD-84B5-4720-A678-4259C52EB432}"
EndProject
Project("{FAE04EC0-301F-11D3-BF4B-00C04F79EFBC}") = "DataAccess", "DataAccess\DataAccess.csproj", "{45CD75C2-0BFE-4DAB-ACB1-9F6D380C0B18}"
EndProject
Global
	GlobalSection(SolutionConfigurationPlatforms) = preSolution
		Debug|Any CPU = Debug|Any CPU
		Release|Any CPU = Release|Any CPU
	EndGlobalSection
	GlobalSection(ProjectConfigurationPlatforms) = postSolution
		{C37355FD-C530-42CD-A5A7-B11A3A8263CF}.Debug|Any CPU.ActiveCfg = Debug|Any CPU
		{C37355FD-C530-42CD-A5A7-B11A3A8263CF}.Debug|Any CPU.Build.0 = Debug|Any CPU
		{C37355FD-C530-42CD-A5A7-B11A3A8263CF}.Release|Any CPU.ActiveCfg = Release|Any CPU
		{C37355FD-C530-42CD-A5A7-B11A3A8263CF}.Release|Any CPU.Build.0 = Release|Any CPU
		{339837CD-84B5-4720-A678-4259C52EB432}.Debug|Any CPU.ActiveCfg = Debug|Any CPU
		{339837CD-84B5-4720-A678-4259C52EB432}.Debug|Any CPU.Build.0 = Debug|Any CPU
		{339837CD-84B5-4720-A678-4259C52EB432}.Release|Any CPU.ActiveCfg = Release|Any CPU
		{339837CD-84B5-4720-A678-4259C52EB432}.Release|Any CPU.Build.0 = Release|Any CPU
		{45CD75C2-0BFE-4DAB-ACB1-9F6D380C0B18}.Debug|Any CPU.ActiveCfg = Debug|Any CPU
		{45CD75C2-0BFE-4DAB-ACB1-9F6D380C0B18}.Debug|Any CPU.Build.0 = Debug|Any CPU
		{45CD75C2-0BFE-4DAB-ACB1-9F6D380C0B18}.Release|Any CPU.ActiveCfg = Release|Any CPU
		{45CD75C2-0BFE-4DAB-ACB1-9F6D380C0B18}.Release|Any CPU.Build.0 = Release|Any CPU
	EndGlobalSection
	GlobalSection(SolutionProperties) = preSolution
		HideSolutionNode = FALSE
	EndGlobalSection
EndGlobal
